{
  "name": "testing",
  "version": "1.0.0",
  "lockfileVersion": 3,
  "requires": true,
  "packages": {
    "": {
      "name": "testing",
      "version": "1.0.0",
      "license": "ISC",
      "dependencies": {
        "mtk-gampang": "file:../mtk-gampang",
        "tm": "file:../mtk-gampang"
      }
    },
    "../mtk-gampang": {
      "version": "1.0.0",
      "license": "ISC"
    },
    "node_modules/mtk-gampang": {
      "resolved": "../mtk-gampang",
      "link": true
    },
    "node_modules/tm": {
      "resolved": "../mtk-gampang",
      "link": true
    }
  }
}
