{
  "name": "aplikasi-utama",
  "version": "1.0.0",
  "lockfileVersion": 3,
  "requires": true,
  "packages": {
    "": {
      "name": "aplikasi-utama",
      "version": "1.0.0",
      "dependencies": {
        "pustaka-hitung-teks": "file:./pustaka-hitung-teks"
      }
    },
    "node_modules/pustaka-hitung-teks": {
      "resolved": "pustaka-hitung-teks",
      "link": true
    },
    "pustaka-hitung-teks": {
      "version": "1.0.0",
      "license": "ISC"
    }
  }
}
